github.com/shenwei356/bpool v0.0.0-20160710042833-f9e0ee4d0403 h1:/3JklLnHXiWUBxWc3joQYavDQJpncRhRA909cUb7eOw=
github.com/shenwei356/bpool v0.0.0-20160710042833-f9e0ee4d0403/go.mod h1:YkgdTWfNnJgv5HVJbVSDmxQtkK3/jZWDoqcG26BVU8k=
github.com/shenwei356/bwt v0.0.0-20180915173912-e944743e96ee h1:3hJsI/+1HGyqmFJXd1MXvSeTteiQRW9CHuld6wvm+qw=
github.com/shenwei356/bwt v0.0.0-20180915173912-e944743e96ee/go.mod h1:q4esDgocpgU8CcnXuPNun+hGv+VDXGX+NnXHQaHGRCU=
github.com/shenwei356/util v0.0.0-20180923141037-2887b0278552 h1:wBXxmDlQzj3r0j32PV/ROqxxp9DRTq0hZwbAeXg81p4=
github.com/shenwei356/util v0.0.0-20180923141037-2887b0278552/go.mod h1:n3qhc3bQzlqJ2/5v79hgl0Gd3WzJOkI8XcUix25Brdg=
